
Microsoft Visual Studio Solution File, Format Version 12.00
# Visual Studio Version 17
VisualStudioVersion = 17.0.31903.59
MinimumVisualStudioVersion = 10.0.40219.1
Project("{2150E333-8FDC-42A3-9474-1A3956D46DE8}") = "src", "src", "{827E0CD3-B72D-47B6-A68D-7590B98EB39B}"
EndProject
Project("{FAE04EC0-301F-11D3-BF4B-00C04F79EFBC}") = "TabuAI.API", "src\TabuAI.API\TabuAI.API.csproj", "{CCFB0B43-D367-4168-843F-104F10A7906B}"
EndProject
Project("{FAE04EC0-301F-11D3-BF4B-00C04F79EFBC}") = "TabuAI.Domain", "src\TabuAI.Domain\TabuAI.Domain.csproj", "{2FF9D4CE-185A-41DB-A195-492682D02C09}"
EndProject
Project("{FAE04EC0-301F-11D3-BF4B-00C04F79EFBC}") = "TabuAI.Application", "src\TabuAI.Application\TabuAI.Application.csproj", "{7B51EE1D-3309-4744-915C-BCD583FC87C1}"
EndProject
Project("{FAE04EC0-301F-11D3-BF4B-00C04F79EFBC}") = "TabuAI.Infrastructure", "src\TabuAI.Infrastructure\TabuAI.Infrastructure.csproj", "{FC38D0C2-102E-46B7-9C1A-A4630D62B2B4}"
EndProject
Global
	GlobalSection(SolutionConfigurationPlatforms) = preSolution
		Debug|Any CPU = Debug|Any CPU
		Debug|x64 = Debug|x64
		Debug|x86 = Debug|x86
		Release|Any CPU = Release|Any CPU
		Release|x64 = Release|x64
		Release|x86 = Release|x86
	EndGlobalSection
	GlobalSection(ProjectConfigurationPlatforms) = postSolution
		{CCFB0B43-D367-4168-843F-104F10A7906B}.Debug|Any CPU.ActiveCfg = Debug|Any CPU
		{CCFB0B43-D367-4168-843F-104F10A7906B}.Debug|Any CPU.Build.0 = Debug|Any CPU
		{CCFB0B43-D367-4168-843F-104F10A7906B}.Debug|x64.ActiveCfg = Debug|Any CPU
		{CCFB0B43-D367-4168-843F-104F10A7906B}.Debug|x64.Build.0 = Debug|Any CPU
		{CCFB0B43-D367-4168-843F-104F10A7906B}.Debug|x86.ActiveCfg = Debug|Any CPU
		{CCFB0B43-D367-4168-843F-104F10A7906B}.Debug|x86.Build.0 = Debug|Any CPU
		{CCFB0B43-D367-4168-843F-104F10A7906B}.Release|Any CPU.ActiveCfg = Release|Any CPU
		{CCFB0B43-D367-4168-843F-104F10A7906B}.Release|Any CPU.Build.0 = Release|Any CPU
		{CCFB0B43-D367-4168-843F-104F10A7906B}.Release|x64.ActiveCfg = Release|Any CPU
		{CCFB0B43-D367-4168-843F-104F10A7906B}.Release|x64.Build.0 = Release|Any CPU
		{CCFB0B43-D367-4168-843F-104F10A7906B}.Release|x86.ActiveCfg = Release|Any CPU
		{CCFB0B43-D367-4168-843F-104F10A7906B}.Release|x86.Build.0 = Release|Any CPU
		{2FF9D4CE-185A-41DB-A195-492682D02C09}.Debug|Any CPU.ActiveCfg = Debug|Any CPU
		{2FF9D4CE-185A-41DB-A195-492682D02C09}.Debug|Any CPU.Build.0 = Debug|Any CPU
		{2FF9D4CE-185A-41DB-A195-492682D02C09}.Debug|x64.ActiveCfg = Debug|Any CPU
		{2FF9D4CE-185A-41DB-A195-492682D02C09}.Debug|x64.Build.0 = Debug|Any CPU
		{2FF9D4CE-185A-41DB-A195-492682D02C09}.Debug|x86.ActiveCfg = Debug|Any CPU
		{2FF9D4CE-185A-41DB-A195-492682D02C09}.Debug|x86.Build.0 = Debug|Any CPU
		{2FF9D4CE-185A-41DB-A195-492682D02C09}.Release|Any CPU.ActiveCfg = Release|Any CPU
		{2FF9D4CE-185A-41DB-A195-492682D02C09}.Release|Any CPU.Build.0 = Release|Any CPU
		{2FF9D4CE-185A-41DB-A195-492682D02C09}.Release|x64.ActiveCfg = Release|Any CPU
		{2FF9D4CE-185A-41DB-A195-492682D02C09}.Release|x64.Build.0 = Release|Any CPU
		{2FF9D4CE-185A-41DB-A195-492682D02C09}.Release|x86.ActiveCfg = Release|Any CPU
		{2FF9D4CE-185A-41DB-A195-492682D02C09}.Release|x86.Build.0 = Release|Any CPU
		{7B51EE1D-3309-4744-915C-BCD583FC87C1}.Debug|Any CPU.ActiveCfg = Debug|Any CPU
		{7B51EE1D-3309-4744-915C-BCD583FC87C1}.Debug|Any CPU.Build.0 = Debug|Any CPU
		{7B51EE1D-3309-4744-915C-BCD583FC87C1}.Debug|x64.ActiveCfg = Debug|Any CPU
		{7B51EE1D-3309-4744-915C-BCD583FC87C1}.Debug|x64.Build.0 = Debug|Any CPU
		{7B51EE1D-3309-4744-915C-BCD583FC87C1}.Debug|x86.ActiveCfg = Debug|Any CPU
		{7B51EE1D-3309-4744-915C-BCD583FC87C1}.Debug|x86.Build.0 = Debug|Any CPU
		{7B51EE1D-3309-4744-915C-BCD583FC87C1}.Release|Any CPU.ActiveCfg = Release|Any CPU
		{7B51EE1D-3309-4744-915C-BCD583FC87C1}.Release|Any CPU.Build.0 = Release|Any CPU
		{7B51EE1D-3309-4744-915C-BCD583FC87C1}.Release|x64.ActiveCfg = Release|Any CPU
		{7B51EE1D-3309-4744-915C-BCD583FC87C1}.Release|x64.Build.0 = Release|Any CPU
		{7B51EE1D-3309-4744-915C-BCD583FC87C1}.Release|x86.ActiveCfg = Release|Any CPU
		{7B51EE1D-3309-4744-915C-BCD583FC87C1}.Release|x86.Build.0 = Release|Any CPU
		{FC38D0C2-102E-46B7-9C1A-A4630D62B2B4}.Debug|Any CPU.ActiveCfg = Debug|Any CPU
		{FC38D0C2-102E-46B7-9C1A-A4630D62B2B4}.Debug|Any CPU.Build.0 = Debug|Any CPU
		{FC38D0C2-102E-46B7-9C1A-A4630D62B2B4}.Debug|x64.ActiveCfg = Debug|Any CPU
		{FC38D0C2-102E-46B7-9C1A-A4630D62B2B4}.Debug|x64.Build.0 = Debug|Any CPU
		{FC38D0C2-102E-46B7-9C1A-A4630D62B2B4}.Debug|x86.ActiveCfg = Debug|Any CPU
		{FC38D0C2-102E-46B7-9C1A-A4630D62B2B4}.Debug|x86.Build.0 = Debug|Any CPU
		{FC38D0C2-102E-46B7-9C1A-A4630D62B2B4}.Release|Any CPU.ActiveCfg = Release|Any CPU
		{FC38D0C2-102E-46B7-9C1A-A4630D62B2B4}.Release|Any CPU.Build.0 = Release|Any CPU
		{FC38D0C2-102E-46B7-9C1A-A4630D62B2B4}.Release|x64.ActiveCfg = Release|Any CPU
		{FC38D0C2-102E-46B7-9C1A-A4630D62B2B4}.Release|x64.Build.0 = Release|Any CPU
		{FC38D0C2-102E-46B7-9C1A-A4630D62B2B4}.Release|x86.ActiveCfg = Release|Any CPU
		{FC38D0C2-102E-46B7-9C1A-A4630D62B2B4}.Release|x86.Build.0 = Release|Any CPU
	EndGlobalSection
	GlobalSection(SolutionProperties) = preSolution
		HideSolutionNode = FALSE
	EndGlobalSection
	GlobalSection(NestedProjects) = preSolution
		{CCFB0B43-D367-4168-843F-104F10A7906B} = {827E0CD3-B72D-47B6-A68D-7590B98EB39B}
		{2FF9D4CE-185A-41DB-A195-492682D02C09} = {827E0CD3-B72D-47B6-A68D-7590B98EB39B}
		{7B51EE1D-3309-4744-915C-BCD583FC87C1} = {827E0CD3-B72D-47B6-A68D-7590B98EB39B}
		{FC38D0C2-102E-46B7-9C1A-A4630D62B2B4} = {827E0CD3-B72D-47B6-A68D-7590B98EB39B}
	EndGlobalSection
EndGlobal
